
Microsoft Visual Studio Solution File, Format Version 12.00
# Visual Studio Version 17
VisualStudioVersion = 17.3.32901.215
MinimumVisualStudioVersion = 10.0.40219.1
Project("{FAE04EC0-301F-11D3-BF4B-00C04F79EFBC}") = "DataViewExample", "DataViewExample.csproj", "{869ABD16-A653-4ADC-919D-D51E5AB4EC5A}"
EndProject
Global
	GlobalSection(SolutionConfigurationPlatforms) = preSolution
		Debug|Any CPU = Debug|Any CPU
		Release|Any CPU = Release|Any CPU
	EndGlobalSection
	GlobalSection(ProjectConfigurationPlatforms) = postSolution
		{869ABD16-A653-4ADC-919D-D51E5AB4EC5A}.Debug|Any CPU.ActiveCfg = Debug|Any CPU
		{869ABD16-A653-4ADC-919D-D51E5AB4EC5A}.Debug|Any CPU.Build.0 = Debug|Any CPU
		{869ABD16-A653-4ADC-919D-D51E5AB4EC5A}.Release|Any CPU.ActiveCfg = Release|Any CPU
		{869ABD16-A653-4ADC-919D-D51E5AB4EC5A}.Release|Any CPU.Build.0 = Release|Any CPU
	EndGlobalSection
	GlobalSection(SolutionProperties) = preSolution
		HideSolutionNode = FALSE
	EndGlobalSection
	GlobalSection(ExtensibilityGlobals) = postSolution
		SolutionGuid = {96977663-B9D1-4EE6-82DF-B76FE51CEA12}
	EndGlobalSection
EndGlobal
