
Microsoft Visual Studio Solution File, Format Version 12.00
# Visual Studio Version 17
VisualStudioVersion = 17.3.32804.467
MinimumVisualStudioVersion = 10.0.40219.1
Project("{FAE04EC0-301F-11D3-BF4B-00C04F79EFBC}") = "Lab1_task4", "Lab1_task4\Lab1_task4.csproj", "{215A4DCF-DA57-4570-B2D8-87394AB8D1C9}"
EndProject
Global
	GlobalSection(SolutionConfigurationPlatforms) = preSolution
		Debug|Any CPU = Debug|Any CPU
		Release|Any CPU = Release|Any CPU
	EndGlobalSection
	GlobalSection(ProjectConfigurationPlatforms) = postSolution
		{215A4DCF-DA57-4570-B2D8-87394AB8D1C9}.Debug|Any CPU.ActiveCfg = Debug|Any CPU
		{215A4DCF-DA57-4570-B2D8-87394AB8D1C9}.Debug|Any CPU.Build.0 = Debug|Any CPU
		{215A4DCF-DA57-4570-B2D8-87394AB8D1C9}.Release|Any CPU.ActiveCfg = Release|Any CPU
		{215A4DCF-DA57-4570-B2D8-87394AB8D1C9}.Release|Any CPU.Build.0 = Release|Any CPU
	EndGlobalSection
	GlobalSection(SolutionProperties) = preSolution
		HideSolutionNode = FALSE
	EndGlobalSection
	GlobalSection(ExtensibilityGlobals) = postSolution
		SolutionGuid = {5051E6FE-B24D-4A52-B310-C0BDE2ACBF4F}
	EndGlobalSection
EndGlobal
