
Microsoft Visual Studio Solution File, Format Version 12.00
# Visual Studio Version 17
VisualStudioVersion = 17.3.32804.467
MinimumVisualStudioVersion = 10.0.40219.1
Project("{FAE04EC0-301F-11D3-BF4B-00C04F79EFBC}") = "Lab2_task3", "Lab2_task3.csproj", "{2CDEBBC0-A0CF-4BF2-8871-B6EC58A031CB}"
EndProject
Global
	GlobalSection(SolutionConfigurationPlatforms) = preSolution
		Debug|Any CPU = Debug|Any CPU
		Release|Any CPU = Release|Any CPU
	EndGlobalSection
	GlobalSection(ProjectConfigurationPlatforms) = postSolution
		{2CDEBBC0-A0CF-4BF2-8871-B6EC58A031CB}.Debug|Any CPU.ActiveCfg = Debug|Any CPU
		{2CDEBBC0-A0CF-4BF2-8871-B6EC58A031CB}.Debug|Any CPU.Build.0 = Debug|Any CPU
		{2CDEBBC0-A0CF-4BF2-8871-B6EC58A031CB}.Release|Any CPU.ActiveCfg = Release|Any CPU
		{2CDEBBC0-A0CF-4BF2-8871-B6EC58A031CB}.Release|Any CPU.Build.0 = Release|Any CPU
	EndGlobalSection
	GlobalSection(SolutionProperties) = preSolution
		HideSolutionNode = FALSE
	EndGlobalSection
	GlobalSection(ExtensibilityGlobals) = postSolution
		SolutionGuid = {CB0650D3-0E02-4F4A-ABEF-A5CF44308ED6}
	EndGlobalSection
EndGlobal
